
Microsoft Visual Studio Solution File, Format Version 12.00
# Visual Studio Version 17
VisualStudioVersion = 17.10.35027.167
MinimumVisualStudioVersion = 10.0.40219.1
Project("{FAE04EC0-301F-11D3-BF4B-00C04F79EFBC}") = "Cheezious", "Cheezious\Cheezious.csproj", "{8569FB10-F0EE-4AF1-8E20-4BC6F137756B}"
EndProject
Global
	GlobalSection(SolutionConfigurationPlatforms) = preSolution
		Debug|Any CPU = Debug|Any CPU
		Release|Any CPU = Release|Any CPU
	EndGlobalSection
	GlobalSection(ProjectConfigurationPlatforms) = postSolution
		{8569FB10-F0EE-4AF1-8E20-4BC6F137756B}.Debug|Any CPU.ActiveCfg = Debug|Any CPU
		{8569FB10-F0EE-4AF1-8E20-4BC6F137756B}.Debug|Any CPU.Build.0 = Debug|Any CPU
		{8569FB10-F0EE-4AF1-8E20-4BC6F137756B}.Release|Any CPU.ActiveCfg = Release|Any CPU
		{8569FB10-F0EE-4AF1-8E20-4BC6F137756B}.Release|Any CPU.Build.0 = Release|Any CPU
	EndGlobalSection
	GlobalSection(SolutionProperties) = preSolution
		HideSolutionNode = FALSE
	EndGlobalSection
	GlobalSection(ExtensibilityGlobals) = postSolution
		SolutionGuid = {8DA0491D-0B50-4EB7-90D4-B0ECCC6D6157}
	EndGlobalSection
EndGlobal
